
Microsoft Visual Studio Solution File, Format Version 12.00
# Visual Studio 14
VisualStudioVersion = 14.0.25420.1
MinimumVisualStudioVersion = 10.0.40219.1
Project("{FAE04EC0-301F-11D3-BF4B-00C04F79EFBC}") = "Prototype", "Prototype\Prototype\Prototype.csproj", "{71E07EAA-74EC-42E0-9FBE-D027029701F9}"
EndProject
Project("{FAE04EC0-301F-11D3-BF4B-00C04F79EFBC}") = "Prototype.Droid", "Prototype\Prototype.Droid\Prototype.Droid.csproj", "{A966718D-F62C-423B-B118-C29057F21894}"
EndProject
Project("{FAE04EC0-301F-11D3-BF4B-00C04F79EFBC}") = "Prototype.iOS", "Prototype\Prototype.iOS\Prototype.iOS.csproj", "{49E52008-14D6-4D21-B2A7-4A74A57B1A0C}"
EndProject
Project("{FAE04EC0-301F-11D3-BF4B-00C04F79EFBC}") = "Prototype.WinPhone", "Prototype\Prototype.WinPhone\Prototype.WinPhone.csproj", "{C6FC5908-F839-4612-89B3-7DC764A7A340}"
EndProject
Project("{FAE04EC0-301F-11D3-BF4B-00C04F79EFBC}") = "Prototype.UWP", "Prototype\Prototype.UWP\Prototype.UWP.csproj", "{F35A209A-7570-4144-B931-AF26AE4B442A}"
EndProject
Project("{FAE04EC0-301F-11D3-BF4B-00C04F79EFBC}") = "Prototype.Windows", "Prototype\Prototype.Windows\Prototype.Windows.csproj", "{9C98ABE9-B8AC-4A9A-B65D-F647F722BB82}"
EndProject
Global
	GlobalSection(SolutionConfigurationPlatforms) = preSolution
		Ad-Hoc|Any CPU = Ad-Hoc|Any CPU
		Ad-Hoc|ARM = Ad-Hoc|ARM
		Ad-Hoc|iPhone = Ad-Hoc|iPhone
		Ad-Hoc|iPhoneSimulator = Ad-Hoc|iPhoneSimulator
		Ad-Hoc|x64 = Ad-Hoc|x64
		Ad-Hoc|x86 = Ad-Hoc|x86
		AppStore|Any CPU = AppStore|Any CPU
		AppStore|ARM = AppStore|ARM
		AppStore|iPhone = AppStore|iPhone
		AppStore|iPhoneSimulator = AppStore|iPhoneSimulator
		AppStore|x64 = AppStore|x64
		AppStore|x86 = AppStore|x86
		Debug|Any CPU = Debug|Any CPU
		Debug|ARM = Debug|ARM
		Debug|iPhone = Debug|iPhone
		Debug|iPhoneSimulator = Debug|iPhoneSimulator
		Debug|x64 = Debug|x64
		Debug|x86 = Debug|x86
		Release|Any CPU = Release|Any CPU
		Release|ARM = Release|ARM
		Release|iPhone = Release|iPhone
		Release|iPhoneSimulator = Release|iPhoneSimulator
		Release|x64 = Release|x64
		Release|x86 = Release|x86
	EndGlobalSection
	GlobalSection(ProjectConfigurationPlatforms) = postSolution
		{71E07EAA-74EC-42E0-9FBE-D027029701F9}.Ad-Hoc|Any CPU.ActiveCfg = Release|Any CPU
		{71E07EAA-74EC-42E0-9FBE-D027029701F9}.Ad-Hoc|Any CPU.Build.0 = Release|Any CPU
		{71E07EAA-74EC-42E0-9FBE-D027029701F9}.Ad-Hoc|ARM.ActiveCfg = Release|Any CPU
		{71E07EAA-74EC-42E0-9FBE-D027029701F9}.Ad-Hoc|ARM.Build.0 = Release|Any CPU
		{71E07EAA-74EC-42E0-9FBE-D027029701F9}.Ad-Hoc|iPhone.ActiveCfg = Release|Any CPU
		{71E07EAA-74EC-42E0-9FBE-D027029701F9}.Ad-Hoc|iPhone.Build.0 = Release|Any CPU
		{71E07EAA-74EC-42E0-9FBE-D027029701F9}.Ad-Hoc|iPhoneSimulator.ActiveCfg = Release|Any CPU
		{71E07EAA-74EC-42E0-9FBE-D027029701F9}.Ad-Hoc|iPhoneSimulator.Build.0 = Release|Any CPU
		{71E07EAA-74EC-42E0-9FBE-D027029701F9}.Ad-Hoc|x64.ActiveCfg = Release|Any CPU
		{71E07EAA-74EC-42E0-9FBE-D027029701F9}.Ad-Hoc|x64.Build.0 = Release|Any CPU
		{71E07EAA-74EC-42E0-9FBE-D027029701F9}.Ad-Hoc|x86.ActiveCfg = Release|Any CPU
		{71E07EAA-74EC-42E0-9FBE-D027029701F9}.Ad-Hoc|x86.Build.0 = Release|Any CPU
		{71E07EAA-74EC-42E0-9FBE-D027029701F9}.AppStore|Any CPU.ActiveCfg = Release|Any CPU
		{71E07EAA-74EC-42E0-9FBE-D027029701F9}.AppStore|Any CPU.Build.0 = Release|Any CPU
		{71E07EAA-74EC-42E0-9FBE-D027029701F9}.AppStore|ARM.ActiveCfg = Release|Any CPU
		{71E07EAA-74EC-42E0-9FBE-D027029701F9}.AppStore|ARM.Build.0 = Release|Any CPU
		{71E07EAA-74EC-42E0-9FBE-D027029701F9}.AppStore|iPhone.ActiveCfg = Release|Any CPU
		{71E07EAA-74EC-42E0-9FBE-D027029701F9}.AppStore|iPhone.Build.0 = Release|Any CPU
		{71E07EAA-74EC-42E0-9FBE-D027029701F9}.AppStore|iPhoneSimulator.ActiveCfg = Release|Any CPU
		{71E07EAA-74EC-42E0-9FBE-D027029701F9}.AppStore|iPhoneSimulator.Build.0 = Release|Any CPU
		{71E07EAA-74EC-42E0-9FBE-D027029701F9}.AppStore|x64.ActiveCfg = Release|Any CPU
		{71E07EAA-74EC-42E0-9FBE-D027029701F9}.AppStore|x64.Build.0 = Release|Any CPU
		{71E07EAA-74EC-42E0-9FBE-D027029701F9}.AppStore|x86.ActiveCfg = Release|Any CPU
		{71E07EAA-74EC-42E0-9FBE-D027029701F9}.AppStore|x86.Build.0 = Release|Any CPU
		{71E07EAA-74EC-42E0-9FBE-D027029701F9}.Debug|Any CPU.ActiveCfg = Debug|Any CPU
		{71E07EAA-74EC-42E0-9FBE-D027029701F9}.Debug|Any CPU.Build.0 = Debug|Any CPU
		{71E07EAA-74EC-42E0-9FBE-D027029701F9}.Debug|ARM.ActiveCfg = Debug|Any CPU
		{71E07EAA-74EC-42E0-9FBE-D027029701F9}.Debug|ARM.Build.0 = Debug|Any CPU
		{71E07EAA-74EC-42E0-9FBE-D027029701F9}.Debug|iPhone.ActiveCfg = Debug|Any CPU
		{71E07EAA-74EC-42E0-9FBE-D027029701F9}.Debug|iPhone.Build.0 = Debug|Any CPU
		{71E07EAA-74EC-42E0-9FBE-D027029701F9}.Debug|iPhoneSimulator.ActiveCfg = Debug|Any CPU
		{71E07EAA-74EC-42E0-9FBE-D027029701F9}.Debug|iPhoneSimulator.Build.0 = Debug|Any CPU
		{71E07EAA-74EC-42E0-9FBE-D027029701F9}.Debug|x64.ActiveCfg = Debug|Any CPU
		{71E07EAA-74EC-42E0-9FBE-D027029701F9}.Debug|x64.Build.0 = Debug|Any CPU
		{71E07EAA-74EC-42E0-9FBE-D027029701F9}.Debug|x86.ActiveCfg = Debug|Any CPU
		{71E07EAA-74EC-42E0-9FBE-D027029701F9}.Debug|x86.Build.0 = Debug|Any CPU
		{71E07EAA-74EC-42E0-9FBE-D027029701F9}.Release|Any CPU.ActiveCfg = Release|Any CPU
		{71E07EAA-74EC-42E0-9FBE-D027029701F9}.Release|Any CPU.Build.0 = Release|Any CPU
		{71E07EAA-74EC-42E0-9FBE-D027029701F9}.Release|ARM.ActiveCfg = Release|Any CPU
		{71E07EAA-74EC-42E0-9FBE-D027029701F9}.Release|ARM.Build.0 = Release|Any CPU
		{71E07EAA-74EC-42E0-9FBE-D027029701F9}.Release|iPhone.ActiveCfg = Release|Any CPU
		{71E07EAA-74EC-42E0-9FBE-D027029701F9}.Release|iPhone.Build.0 = Release|Any CPU
		{71E07EAA-74EC-42E0-9FBE-D027029701F9}.Release|iPhoneSimulator.ActiveCfg = Release|Any CPU
		{71E07EAA-74EC-42E0-9FBE-D027029701F9}.Release|iPhoneSimulator.Build.0 = Release|Any CPU
		{71E07EAA-74EC-42E0-9FBE-D027029701F9}.Release|x64.ActiveCfg = Release|Any CPU
		{71E07EAA-74EC-42E0-9FBE-D027029701F9}.Release|x64.Build.0 = Release|Any CPU
		{71E07EAA-74EC-42E0-9FBE-D027029701F9}.Release|x86.ActiveCfg = Release|Any CPU
		{71E07EAA-74EC-42E0-9FBE-D027029701F9}.Release|x86.Build.0 = Release|Any CPU
		{A966718D-F62C-423B-B118-C29057F21894}.Ad-Hoc|Any CPU.ActiveCfg = Release|Any CPU
		{A966718D-F62C-423B-B118-C29057F21894}.Ad-Hoc|Any CPU.Build.0 = Release|Any CPU
		{A966718D-F62C-423B-B118-C29057F21894}.Ad-Hoc|Any CPU.Deploy.0 = Release|Any CPU
		{A966718D-F62C-423B-B118-C29057F21894}.Ad-Hoc|ARM.ActiveCfg = Release|Any CPU
		{A966718D-F62C-423B-B118-C29057F21894}.Ad-Hoc|ARM.Build.0 = Release|Any CPU
		{A966718D-F62C-423B-B118-C29057F21894}.Ad-Hoc|ARM.Deploy.0 = Release|Any CPU
		{A966718D-F62C-423B-B118-C29057F21894}.Ad-Hoc|iPhone.ActiveCfg = Release|Any CPU
		{A966718D-F62C-423B-B118-C29057F21894}.Ad-Hoc|iPhone.Build.0 = Release|Any CPU
		{A966718D-F62C-423B-B118-C29057F21894}.Ad-Hoc|iPhone.Deploy.0 = Release|Any CPU
		{A966718D-F62C-423B-B118-C29057F21894}.Ad-Hoc|iPhoneSimulator.ActiveCfg = Release|Any CPU
		{A966718D-F62C-423B-B118-C29057F21894}.Ad-Hoc|iPhoneSimulator.Build.0 = Release|Any CPU
		{A966718D-F62C-423B-B118-C29057F21894}.Ad-Hoc|iPhoneSimulator.Deploy.0 = Release|Any CPU
		{A966718D-F62C-423B-B118-C29057F21894}.Ad-Hoc|x64.ActiveCfg = Release|Any CPU
		{A966718D-F62C-423B-B118-C29057F21894}.Ad-Hoc|x64.Build.0 = Release|Any CPU
		{A966718D-F62C-423B-B118-C29057F21894}.Ad-Hoc|x64.Deploy.0 = Release|Any CPU
		{A966718D-F62C-423B-B118-C29057F21894}.Ad-Hoc|x86.ActiveCfg = Release|Any CPU
		{A966718D-F62C-423B-B118-C29057F21894}.Ad-Hoc|x86.Build.0 = Release|Any CPU
		{A966718D-F62C-423B-B118-C29057F21894}.Ad-Hoc|x86.Deploy.0 = Release|Any CPU
		{A966718D-F62C-423B-B118-C29057F21894}.AppStore|Any CPU.ActiveCfg = Release|Any CPU
		{A966718D-F62C-423B-B118-C29057F21894}.AppStore|Any CPU.Build.0 = Release|Any CPU
		{A966718D-F62C-423B-B118-C29057F21894}.AppStore|Any CPU.Deploy.0 = Release|Any CPU
		{A966718D-F62C-423B-B118-C29057F21894}.AppStore|ARM.ActiveCfg = Release|Any CPU
		{A966718D-F62C-423B-B118-C29057F21894}.AppStore|ARM.Build.0 = Release|Any CPU
		{A966718D-F62C-423B-B118-C29057F21894}.AppStore|ARM.Deploy.0 = Release|Any CPU
		{A966718D-F62C-423B-B118-C29057F21894}.AppStore|iPhone.ActiveCfg = Release|Any CPU
		{A966718D-F62C-423B-B118-C29057F21894}.AppStore|iPhone.Build.0 = Release|Any CPU
		{A966718D-F62C-423B-B118-C29057F21894}.AppStore|iPhone.Deploy.0 = Release|Any CPU
		{A966718D-F62C-423B-B118-C29057F21894}.AppStore|iPhoneSimulator.ActiveCfg = Release|Any CPU
		{A966718D-F62C-423B-B118-C29057F21894}.AppStore|iPhoneSimulator.Build.0 = Release|Any CPU
		{A966718D-F62C-423B-B118-C29057F21894}.AppStore|iPhoneSimulator.Deploy.0 = Release|Any CPU
		{A966718D-F62C-423B-B118-C29057F21894}.AppStore|x64.ActiveCfg = Release|Any CPU
		{A966718D-F62C-423B-B118-C29057F21894}.AppStore|x64.Build.0 = Release|Any CPU
		{A966718D-F62C-423B-B118-C29057F21894}.AppStore|x64.Deploy.0 = Release|Any CPU
		{A966718D-F62C-423B-B118-C29057F21894}.AppStore|x86.ActiveCfg = Release|Any CPU
		{A966718D-F62C-423B-B118-C29057F21894}.AppStore|x86.Build.0 = Release|Any CPU
		{A966718D-F62C-423B-B118-C29057F21894}.AppStore|x86.Deploy.0 = Release|Any CPU
		{A966718D-F62C-423B-B118-C29057F21894}.Debug|Any CPU.ActiveCfg = Debug|Any CPU
		{A966718D-F62C-423B-B118-C29057F21894}.Debug|Any CPU.Build.0 = Debug|Any CPU
		{A966718D-F62C-423B-B118-C29057F21894}.Debug|Any CPU.Deploy.0 = Debug|Any CPU
		{A966718D-F62C-423B-B118-C29057F21894}.Debug|ARM.ActiveCfg = Debug|Any CPU
		{A966718D-F62C-423B-B118-C29057F21894}.Debug|ARM.Build.0 = Debug|Any CPU
		{A966718D-F62C-423B-B118-C29057F21894}.Debug|ARM.Deploy.0 = Debug|Any CPU
		{A966718D-F62C-423B-B118-C29057F21894}.Debug|iPhone.ActiveCfg = Debug|Any CPU
		{A966718D-F62C-423B-B118-C29057F21894}.Debug|iPhone.Build.0 = Debug|Any CPU
		{A966718D-F62C-423B-B118-C29057F21894}.Debug|iPhone.Deploy.0 = Debug|Any CPU
		{A966718D-F62C-423B-B118-C29057F21894}.Debug|iPhoneSimulator.ActiveCfg = Debug|Any CPU
		{A966718D-F62C-423B-B118-C29057F21894}.Debug|iPhoneSimulator.Build.0 = Debug|Any CPU
		{A966718D-F62C-423B-B118-C29057F21894}.Debug|iPhoneSimulator.Deploy.0 = Debug|Any CPU
		{A966718D-F62C-423B-B118-C29057F21894}.Debug|x64.ActiveCfg = Debug|Any CPU
		{A966718D-F62C-423B-B118-C29057F21894}.Debug|x64.Build.0 = Debug|Any CPU
		{A966718D-F62C-423B-B118-C29057F21894}.Debug|x64.Deploy.0 = Debug|Any CPU
		{A966718D-F62C-423B-B118-C29057F21894}.Debug|x86.ActiveCfg = Debug|Any CPU
		{A966718D-F62C-423B-B118-C29057F21894}.Debug|x86.Build.0 = Debug|Any CPU
		{A966718D-F62C-423B-B118-C29057F21894}.Debug|x86.Deploy.0 = Debug|Any CPU
		{A966718D-F62C-423B-B118-C29057F21894}.Release|Any CPU.ActiveCfg = Release|Any CPU
		{A966718D-F62C-423B-B118-C29057F21894}.Release|Any CPU.Build.0 = Release|Any CPU
		{A966718D-F62C-423B-B118-C29057F21894}.Release|Any CPU.Deploy.0 = Release|Any CPU
		{A966718D-F62C-423B-B118-C29057F21894}.Release|ARM.ActiveCfg = Release|Any CPU
		{A966718D-F62C-423B-B118-C29057F21894}.Release|ARM.Build.0 = Release|Any CPU
		{A966718D-F62C-423B-B118-C29057F21894}.Release|ARM.Deploy.0 = Release|Any CPU
		{A966718D-F62C-423B-B118-C29057F21894}.Release|iPhone.ActiveCfg = Release|Any CPU
		{A966718D-F62C-423B-B118-C29057F21894}.Release|iPhone.Build.0 = Release|Any CPU
		{A966718D-F62C-423B-B118-C29057F21894}.Release|iPhone.Deploy.0 = Release|Any CPU
		{A966718D-F62C-423B-B118-C29057F21894}.Release|iPhoneSimulator.ActiveCfg = Release|Any CPU
		{A966718D-F62C-423B-B118-C29057F21894}.Release|iPhoneSimulator.Build.0 = Release|Any CPU
		{A966718D-F62C-423B-B118-C29057F21894}.Release|iPhoneSimulator.Deploy.0 = Release|Any CPU
		{A966718D-F62C-423B-B118-C29057F21894}.Release|x64.ActiveCfg = Release|Any CPU
		{A966718D-F62C-423B-B118-C29057F21894}.Release|x64.Build.0 = Release|Any CPU
		{A966718D-F62C-423B-B118-C29057F21894}.Release|x64.Deploy.0 = Release|Any CPU
		{A966718D-F62C-423B-B118-C29057F21894}.Release|x86.ActiveCfg = Release|Any CPU
		{A966718D-F62C-423B-B118-C29057F21894}.Release|x86.Build.0 = Release|Any CPU
		{A966718D-F62C-423B-B118-C29057F21894}.Release|x86.Deploy.0 = Release|Any CPU
		{49E52008-14D6-4D21-B2A7-4A74A57B1A0C}.Ad-Hoc|Any CPU.ActiveCfg = Ad-Hoc|iPhone
		{49E52008-14D6-4D21-B2A7-4A74A57B1A0C}.Ad-Hoc|ARM.ActiveCfg = Ad-Hoc|iPhone
		{49E52008-14D6-4D21-B2A7-4A74A57B1A0C}.Ad-Hoc|iPhone.ActiveCfg = Ad-Hoc|iPhone
		{49E52008-14D6-4D21-B2A7-4A74A57B1A0C}.Ad-Hoc|iPhone.Build.0 = Ad-Hoc|iPhone
		{49E52008-14D6-4D21-B2A7-4A74A57B1A0C}.Ad-Hoc|iPhoneSimulator.ActiveCfg = Ad-Hoc|iPhoneSimulator
		{49E52008-14D6-4D21-B2A7-4A74A57B1A0C}.Ad-Hoc|iPhoneSimulator.Build.0 = Ad-Hoc|iPhoneSimulator
		{49E52008-14D6-4D21-B2A7-4A74A57B1A0C}.Ad-Hoc|x64.ActiveCfg = Ad-Hoc|iPhone
		{49E52008-14D6-4D21-B2A7-4A74A57B1A0C}.Ad-Hoc|x86.ActiveCfg = Ad-Hoc|iPhone
		{49E52008-14D6-4D21-B2A7-4A74A57B1A0C}.AppStore|Any CPU.ActiveCfg = AppStore|iPhone
		{49E52008-14D6-4D21-B2A7-4A74A57B1A0C}.AppStore|ARM.ActiveCfg = AppStore|iPhone
		{49E52008-14D6-4D21-B2A7-4A74A57B1A0C}.AppStore|iPhone.ActiveCfg = AppStore|iPhone
		{49E52008-14D6-4D21-B2A7-4A74A57B1A0C}.AppStore|iPhone.Build.0 = AppStore|iPhone
		{49E52008-14D6-4D21-B2A7-4A74A57B1A0C}.AppStore|iPhoneSimulator.ActiveCfg = AppStore|iPhoneSimulator
		{49E52008-14D6-4D21-B2A7-4A74A57B1A0C}.AppStore|iPhoneSimulator.Build.0 = AppStore|iPhoneSimulator
		{49E52008-14D6-4D21-B2A7-4A74A57B1A0C}.AppStore|x64.ActiveCfg = AppStore|iPhone
		{49E52008-14D6-4D21-B2A7-4A74A57B1A0C}.AppStore|x86.ActiveCfg = AppStore|iPhone
		{49E52008-14D6-4D21-B2A7-4A74A57B1A0C}.Debug|Any CPU.ActiveCfg = Debug|iPhone
		{49E52008-14D6-4D21-B2A7-4A74A57B1A0C}.Debug|ARM.ActiveCfg = Debug|iPhone
		{49E52008-14D6-4D21-B2A7-4A74A57B1A0C}.Debug|iPhone.ActiveCfg = Debug|iPhone
		{49E52008-14D6-4D21-B2A7-4A74A57B1A0C}.Debug|iPhone.Build.0 = Debug|iPhone
		{49E52008-14D6-4D21-B2A7-4A74A57B1A0C}.Debug|iPhoneSimulator.ActiveCfg = Debug|iPhoneSimulator
		{49E52008-14D6-4D21-B2A7-4A74A57B1A0C}.Debug|iPhoneSimulator.Build.0 = Debug|iPhoneSimulator
		{49E52008-14D6-4D21-B2A7-4A74A57B1A0C}.Debug|x64.ActiveCfg = Debug|iPhone
		{49E52008-14D6-4D21-B2A7-4A74A57B1A0C}.Debug|x86.ActiveCfg = Debug|iPhone
		{49E52008-14D6-4D21-B2A7-4A74A57B1A0C}.Release|Any CPU.ActiveCfg = Release|iPhone
		{49E52008-14D6-4D21-B2A7-4A74A57B1A0C}.Release|ARM.ActiveCfg = Release|iPhone
		{49E52008-14D6-4D21-B2A7-4A74A57B1A0C}.Release|iPhone.ActiveCfg = Release|iPhone
		{49E52008-14D6-4D21-B2A7-4A74A57B1A0C}.Release|iPhone.Build.0 = Release|iPhone
		{49E52008-14D6-4D21-B2A7-4A74A57B1A0C}.Release|iPhoneSimulator.ActiveCfg = Release|iPhoneSimulator
		{49E52008-14D6-4D21-B2A7-4A74A57B1A0C}.Release|iPhoneSimulator.Build.0 = Release|iPhoneSimulator
		{49E52008-14D6-4D21-B2A7-4A74A57B1A0C}.Release|x64.ActiveCfg = Release|iPhone
		{49E52008-14D6-4D21-B2A7-4A74A57B1A0C}.Release|x86.ActiveCfg = Release|iPhone
		{C6FC5908-F839-4612-89B3-7DC764A7A340}.Ad-Hoc|Any CPU.ActiveCfg = Release|Any CPU
		{C6FC5908-F839-4612-89B3-7DC764A7A340}.Ad-Hoc|Any CPU.Build.0 = Release|Any CPU
		{C6FC5908-F839-4612-89B3-7DC764A7A340}.Ad-Hoc|Any CPU.Deploy.0 = Release|Any CPU
		{C6FC5908-F839-4612-89B3-7DC764A7A340}.Ad-Hoc|ARM.ActiveCfg = Release|ARM
		{C6FC5908-F839-4612-89B3-7DC764A7A340}.Ad-Hoc|ARM.Build.0 = Release|ARM
		{C6FC5908-F839-4612-89B3-7DC764A7A340}.Ad-Hoc|ARM.Deploy.0 = Release|ARM
		{C6FC5908-F839-4612-89B3-7DC764A7A340}.Ad-Hoc|iPhone.ActiveCfg = Release|Any CPU
		{C6FC5908-F839-4612-89B3-7DC764A7A340}.Ad-Hoc|iPhone.Build.0 = Release|Any CPU
		{C6FC5908-F839-4612-89B3-7DC764A7A340}.Ad-Hoc|iPhone.Deploy.0 = Release|Any CPU
		{C6FC5908-F839-4612-89B3-7DC764A7A340}.Ad-Hoc|iPhoneSimulator.ActiveCfg = Release|Any CPU
		{C6FC5908-F839-4612-89B3-7DC764A7A340}.Ad-Hoc|iPhoneSimulator.Build.0 = Release|Any CPU
		{C6FC5908-F839-4612-89B3-7DC764A7A340}.Ad-Hoc|iPhoneSimulator.Deploy.0 = Release|Any CPU
		{C6FC5908-F839-4612-89B3-7DC764A7A340}.Ad-Hoc|x64.ActiveCfg = Release|Any CPU
		{C6FC5908-F839-4612-89B3-7DC764A7A340}.Ad-Hoc|x64.Build.0 = Release|Any CPU
		{C6FC5908-F839-4612-89B3-7DC764A7A340}.Ad-Hoc|x64.Deploy.0 = Release|Any CPU
		{C6FC5908-F839-4612-89B3-7DC764A7A340}.Ad-Hoc|x86.ActiveCfg = Release|x86
		{C6FC5908-F839-4612-89B3-7DC764A7A340}.Ad-Hoc|x86.Build.0 = Release|x86
		{C6FC5908-F839-4612-89B3-7DC764A7A340}.Ad-Hoc|x86.Deploy.0 = Release|x86
		{C6FC5908-F839-4612-89B3-7DC764A7A340}.AppStore|Any CPU.ActiveCfg = Release|Any CPU
		{C6FC5908-F839-4612-89B3-7DC764A7A340}.AppStore|Any CPU.Build.0 = Release|Any CPU
		{C6FC5908-F839-4612-89B3-7DC764A7A340}.AppStore|Any CPU.Deploy.0 = Release|Any CPU
		{C6FC5908-F839-4612-89B3-7DC764A7A340}.AppStore|ARM.ActiveCfg = Release|ARM
		{C6FC5908-F839-4612-89B3-7DC764A7A340}.AppStore|ARM.Build.0 = Release|ARM
		{C6FC5908-F839-4612-89B3-7DC764A7A340}.AppStore|ARM.Deploy.0 = Release|ARM
		{C6FC5908-F839-4612-89B3-7DC764A7A340}.AppStore|iPhone.ActiveCfg = Release|Any CPU
		{C6FC5908-F839-4612-89B3-7DC764A7A340}.AppStore|iPhone.Build.0 = Release|Any CPU
		{C6FC5908-F839-4612-89B3-7DC764A7A340}.AppStore|iPhone.Deploy.0 = Release|Any CPU
		{C6FC5908-F839-4612-89B3-7DC764A7A340}.AppStore|iPhoneSimulator.ActiveCfg = Release|Any CPU
		{C6FC5908-F839-4612-89B3-7DC764A7A340}.AppStore|iPhoneSimulator.Build.0 = Release|Any CPU
		{C6FC5908-F839-4612-89B3-7DC764A7A340}.AppStore|iPhoneSimulator.Deploy.0 = Release|Any CPU
		{C6FC5908-F839-4612-89B3-7DC764A7A340}.AppStore|x64.ActiveCfg = Release|Any CPU
		{C6FC5908-F839-4612-89B3-7DC764A7A340}.AppStore|x64.Build.0 = Release|Any CPU
		{C6FC5908-F839-4612-89B3-7DC764A7A340}.AppStore|x64.Deploy.0 = Release|Any CPU
		{C6FC5908-F839-4612-89B3-7DC764A7A340}.AppStore|x86.ActiveCfg = Release|x86
		{C6FC5908-F839-4612-89B3-7DC764A7A340}.AppStore|x86.Build.0 = Release|x86
		{C6FC5908-F839-4612-89B3-7DC764A7A340}.AppStore|x86.Deploy.0 = Release|x86
		{C6FC5908-F839-4612-89B3-7DC764A7A340}.Debug|Any CPU.ActiveCfg = Debug|Any CPU
		{C6FC5908-F839-4612-89B3-7DC764A7A340}.Debug|Any CPU.Build.0 = Debug|Any CPU
		{C6FC5908-F839-4612-89B3-7DC764A7A340}.Debug|Any CPU.Deploy.0 = Debug|Any CPU
		{C6FC5908-F839-4612-89B3-7DC764A7A340}.Debug|ARM.ActiveCfg = Debug|ARM
		{C6FC5908-F839-4612-89B3-7DC764A7A340}.Debug|ARM.Build.0 = Debug|ARM
		{C6FC5908-F839-4612-89B3-7DC764A7A340}.Debug|ARM.Deploy.0 = Debug|ARM
		{C6FC5908-F839-4612-89B3-7DC764A7A340}.Debug|iPhone.ActiveCfg = Debug|Any CPU
		{C6FC5908-F839-4612-89B3-7DC764A7A340}.Debug|iPhone.Build.0 = Debug|Any CPU
		{C6FC5908-F839-4612-89B3-7DC764A7A340}.Debug|iPhone.Deploy.0 = Debug|Any CPU
		{C6FC5908-F839-4612-89B3-7DC764A7A340}.Debug|iPhoneSimulator.ActiveCfg = Debug|Any CPU
		{C6FC5908-F839-4612-89B3-7DC764A7A340}.Debug|iPhoneSimulator.Build.0 = Debug|Any CPU
		{C6FC5908-F839-4612-89B3-7DC764A7A340}.Debug|iPhoneSimulator.Deploy.0 = Debug|Any CPU
		{C6FC5908-F839-4612-89B3-7DC764A7A340}.Debug|x64.ActiveCfg = Debug|Any CPU
		{C6FC5908-F839-4612-89B3-7DC764A7A340}.Debug|x64.Build.0 = Debug|Any CPU
		{C6FC5908-F839-4612-89B3-7DC764A7A340}.Debug|x64.Deploy.0 = Debug|Any CPU
		{C6FC5908-F839-4612-89B3-7DC764A7A340}.Debug|x86.ActiveCfg = Debug|x86
		{C6FC5908-F839-4612-89B3-7DC764A7A340}.Debug|x86.Build.0 = Debug|x86
		{C6FC5908-F839-4612-89B3-7DC764A7A340}.Debug|x86.Deploy.0 = Debug|x86
		{C6FC5908-F839-4612-89B3-7DC764A7A340}.Release|Any CPU.ActiveCfg = Release|Any CPU
		{C6FC5908-F839-4612-89B3-7DC764A7A340}.Release|Any CPU.Build.0 = Release|Any CPU
		{C6FC5908-F839-4612-89B3-7DC764A7A340}.Release|Any CPU.Deploy.0 = Release|Any CPU
		{C6FC5908-F839-4612-89B3-7DC764A7A340}.Release|ARM.ActiveCfg = Release|ARM
		{C6FC5908-F839-4612-89B3-7DC764A7A340}.Release|ARM.Build.0 = Release|ARM
		{C6FC5908-F839-4612-89B3-7DC764A7A340}.Release|ARM.Deploy.0 = Release|ARM
		{C6FC5908-F839-4612-89B3-7DC764A7A340}.Release|iPhone.ActiveCfg = Release|Any CPU
		{C6FC5908-F839-4612-89B3-7DC764A7A340}.Release|iPhone.Build.0 = Release|Any CPU
		{C6FC5908-F839-4612-89B3-7DC764A7A340}.Release|iPhone.Deploy.0 = Release|Any CPU
		{C6FC5908-F839-4612-89B3-7DC764A7A340}.Release|iPhoneSimulator.ActiveCfg = Release|Any CPU
		{C6FC5908-F839-4612-89B3-7DC764A7A340}.Release|iPhoneSimulator.Build.0 = Release|Any CPU
		{C6FC5908-F839-4612-89B3-7DC764A7A340}.Release|iPhoneSimulator.Deploy.0 = Release|Any CPU
		{C6FC5908-F839-4612-89B3-7DC764A7A340}.Release|x64.ActiveCfg = Release|Any CPU
		{C6FC5908-F839-4612-89B3-7DC764A7A340}.Release|x64.Build.0 = Release|Any CPU
		{C6FC5908-F839-4612-89B3-7DC764A7A340}.Release|x64.Deploy.0 = Release|Any CPU
		{C6FC5908-F839-4612-89B3-7DC764A7A340}.Release|x86.ActiveCfg = Release|x86
		{C6FC5908-F839-4612-89B3-7DC764A7A340}.Release|x86.Build.0 = Release|x86
		{C6FC5908-F839-4612-89B3-7DC764A7A340}.Release|x86.Deploy.0 = Release|x86
		{F35A209A-7570-4144-B931-AF26AE4B442A}.Ad-Hoc|Any CPU.ActiveCfg = Release|x86
		{F35A209A-7570-4144-B931-AF26AE4B442A}.Ad-Hoc|Any CPU.Build.0 = Release|x86
		{F35A209A-7570-4144-B931-AF26AE4B442A}.Ad-Hoc|Any CPU.Deploy.0 = Release|x86
		{F35A209A-7570-4144-B931-AF26AE4B442A}.Ad-Hoc|ARM.ActiveCfg = Release|ARM
		{F35A209A-7570-4144-B931-AF26AE4B442A}.Ad-Hoc|ARM.Build.0 = Release|ARM
		{F35A209A-7570-4144-B931-AF26AE4B442A}.Ad-Hoc|ARM.Deploy.0 = Release|ARM
		{F35A209A-7570-4144-B931-AF26AE4B442A}.Ad-Hoc|iPhone.ActiveCfg = Release|x86
		{F35A209A-7570-4144-B931-AF26AE4B442A}.Ad-Hoc|iPhone.Build.0 = Release|x86
		{F35A209A-7570-4144-B931-AF26AE4B442A}.Ad-Hoc|iPhone.Deploy.0 = Release|x86
		{F35A209A-7570-4144-B931-AF26AE4B442A}.Ad-Hoc|iPhoneSimulator.ActiveCfg = Release|x86
		{F35A209A-7570-4144-B931-AF26AE4B442A}.Ad-Hoc|iPhoneSimulator.Build.0 = Release|x86
		{F35A209A-7570-4144-B931-AF26AE4B442A}.Ad-Hoc|iPhoneSimulator.Deploy.0 = Release|x86
		{F35A209A-7570-4144-B931-AF26AE4B442A}.Ad-Hoc|x64.ActiveCfg = Release|x64
		{F35A209A-7570-4144-B931-AF26AE4B442A}.Ad-Hoc|x64.Build.0 = Release|x64
		{F35A209A-7570-4144-B931-AF26AE4B442A}.Ad-Hoc|x64.Deploy.0 = Release|x64
		{F35A209A-7570-4144-B931-AF26AE4B442A}.Ad-Hoc|x86.ActiveCfg = Release|x86
		{F35A209A-7570-4144-B931-AF26AE4B442A}.Ad-Hoc|x86.Build.0 = Release|x86
		{F35A209A-7570-4144-B931-AF26AE4B442A}.Ad-Hoc|x86.Deploy.0 = Release|x86
		{F35A209A-7570-4144-B931-AF26AE4B442A}.AppStore|Any CPU.ActiveCfg = Release|x86
		{F35A209A-7570-4144-B931-AF26AE4B442A}.AppStore|Any CPU.Build.0 = Release|x86
		{F35A209A-7570-4144-B931-AF26AE4B442A}.AppStore|Any CPU.Deploy.0 = Release|x86
		{F35A209A-7570-4144-B931-AF26AE4B442A}.AppStore|ARM.ActiveCfg = Release|ARM
		{F35A209A-7570-4144-B931-AF26AE4B442A}.AppStore|ARM.Build.0 = Release|ARM
		{F35A209A-7570-4144-B931-AF26AE4B442A}.AppStore|ARM.Deploy.0 = Release|ARM
		{F35A209A-7570-4144-B931-AF26AE4B442A}.AppStore|iPhone.ActiveCfg = Release|x86
		{F35A209A-7570-4144-B931-AF26AE4B442A}.AppStore|iPhone.Build.0 = Release|x86
		{F35A209A-7570-4144-B931-AF26AE4B442A}.AppStore|iPhone.Deploy.0 = Release|x86
		{F35A209A-7570-4144-B931-AF26AE4B442A}.AppStore|iPhoneSimulator.ActiveCfg = Release|x86
		{F35A209A-7570-4144-B931-AF26AE4B442A}.AppStore|iPhoneSimulator.Build.0 = Release|x86
		{F35A209A-7570-4144-B931-AF26AE4B442A}.AppStore|iPhoneSimulator.Deploy.0 = Release|x86
		{F35A209A-7570-4144-B931-AF26AE4B442A}.AppStore|x64.ActiveCfg = Release|x64
		{F35A209A-7570-4144-B931-AF26AE4B442A}.AppStore|x64.Build.0 = Release|x64
		{F35A209A-7570-4144-B931-AF26AE4B442A}.AppStore|x64.Deploy.0 = Release|x64
		{F35A209A-7570-4144-B931-AF26AE4B442A}.AppStore|x86.ActiveCfg = Release|x86
		{F35A209A-7570-4144-B931-AF26AE4B442A}.AppStore|x86.Build.0 = Release|x86
		{F35A209A-7570-4144-B931-AF26AE4B442A}.AppStore|x86.Deploy.0 = Release|x86
		{F35A209A-7570-4144-B931-AF26AE4B442A}.Debug|Any CPU.ActiveCfg = Debug|x86
		{F35A209A-7570-4144-B931-AF26AE4B442A}.Debug|ARM.ActiveCfg = Debug|ARM
		{F35A209A-7570-4144-B931-AF26AE4B442A}.Debug|ARM.Build.0 = Debug|ARM
		{F35A209A-7570-4144-B931-AF26AE4B442A}.Debug|ARM.Deploy.0 = Debug|ARM
		{F35A209A-7570-4144-B931-AF26AE4B442A}.Debug|iPhone.ActiveCfg = Debug|x86
		{F35A209A-7570-4144-B931-AF26AE4B442A}.Debug|iPhoneSimulator.ActiveCfg = Debug|x86
		{F35A209A-7570-4144-B931-AF26AE4B442A}.Debug|x64.ActiveCfg = Debug|x64
		{F35A209A-7570-4144-B931-AF26AE4B442A}.Debug|x64.Build.0 = Debug|x64
		{F35A209A-7570-4144-B931-AF26AE4B442A}.Debug|x64.Deploy.0 = Debug|x64
		{F35A209A-7570-4144-B931-AF26AE4B442A}.Debug|x86.ActiveCfg = Debug|x86
		{F35A209A-7570-4144-B931-AF26AE4B442A}.Debug|x86.Build.0 = Debug|x86
		{F35A209A-7570-4144-B931-AF26AE4B442A}.Debug|x86.Deploy.0 = Debug|x86
		{F35A209A-7570-4144-B931-AF26AE4B442A}.Release|Any CPU.ActiveCfg = Release|x86
		{F35A209A-7570-4144-B931-AF26AE4B442A}.Release|ARM.ActiveCfg = Release|ARM
		{F35A209A-7570-4144-B931-AF26AE4B442A}.Release|ARM.Build.0 = Release|ARM
		{F35A209A-7570-4144-B931-AF26AE4B442A}.Release|ARM.Deploy.0 = Release|ARM
		{F35A209A-7570-4144-B931-AF26AE4B442A}.Release|iPhone.ActiveCfg = Release|x86
		{F35A209A-7570-4144-B931-AF26AE4B442A}.Release|iPhoneSimulator.ActiveCfg = Release|x86
		{F35A209A-7570-4144-B931-AF26AE4B442A}.Release|x64.ActiveCfg = Release|x64
		{F35A209A-7570-4144-B931-AF26AE4B442A}.Release|x64.Build.0 = Release|x64
		{F35A209A-7570-4144-B931-AF26AE4B442A}.Release|x64.Deploy.0 = Release|x64
		{F35A209A-7570-4144-B931-AF26AE4B442A}.Release|x86.ActiveCfg = Release|x86
		{F35A209A-7570-4144-B931-AF26AE4B442A}.Release|x86.Build.0 = Release|x86
		{F35A209A-7570-4144-B931-AF26AE4B442A}.Release|x86.Deploy.0 = Release|x86
		{9C98ABE9-B8AC-4A9A-B65D-F647F722BB82}.Ad-Hoc|Any CPU.ActiveCfg = Release|Any CPU
		{9C98ABE9-B8AC-4A9A-B65D-F647F722BB82}.Ad-Hoc|Any CPU.Build.0 = Release|Any CPU
		{9C98ABE9-B8AC-4A9A-B65D-F647F722BB82}.Ad-Hoc|Any CPU.Deploy.0 = Release|Any CPU
		{9C98ABE9-B8AC-4A9A-B65D-F647F722BB82}.Ad-Hoc|ARM.ActiveCfg = Release|ARM
		{9C98ABE9-B8AC-4A9A-B65D-F647F722BB82}.Ad-Hoc|ARM.Build.0 = Release|ARM
		{9C98ABE9-B8AC-4A9A-B65D-F647F722BB82}.Ad-Hoc|ARM.Deploy.0 = Release|ARM
		{9C98ABE9-B8AC-4A9A-B65D-F647F722BB82}.Ad-Hoc|iPhone.ActiveCfg = Release|Any CPU
		{9C98ABE9-B8AC-4A9A-B65D-F647F722BB82}.Ad-Hoc|iPhone.Build.0 = Release|Any CPU
		{9C98ABE9-B8AC-4A9A-B65D-F647F722BB82}.Ad-Hoc|iPhone.Deploy.0 = Release|Any CPU
		{9C98ABE9-B8AC-4A9A-B65D-F647F722BB82}.Ad-Hoc|iPhoneSimulator.ActiveCfg = Release|Any CPU
		{9C98ABE9-B8AC-4A9A-B65D-F647F722BB82}.Ad-Hoc|iPhoneSimulator.Build.0 = Release|Any CPU
		{9C98ABE9-B8AC-4A9A-B65D-F647F722BB82}.Ad-Hoc|iPhoneSimulator.Deploy.0 = Release|Any CPU
		{9C98ABE9-B8AC-4A9A-B65D-F647F722BB82}.Ad-Hoc|x64.ActiveCfg = Release|x64
		{9C98ABE9-B8AC-4A9A-B65D-F647F722BB82}.Ad-Hoc|x64.Build.0 = Release|x64
		{9C98ABE9-B8AC-4A9A-B65D-F647F722BB82}.Ad-Hoc|x64.Deploy.0 = Release|x64
		{9C98ABE9-B8AC-4A9A-B65D-F647F722BB82}.Ad-Hoc|x86.ActiveCfg = Release|x86
		{9C98ABE9-B8AC-4A9A-B65D-F647F722BB82}.Ad-Hoc|x86.Build.0 = Release|x86
		{9C98ABE9-B8AC-4A9A-B65D-F647F722BB82}.Ad-Hoc|x86.Deploy.0 = Release|x86
		{9C98ABE9-B8AC-4A9A-B65D-F647F722BB82}.AppStore|Any CPU.ActiveCfg = Release|Any CPU
		{9C98ABE9-B8AC-4A9A-B65D-F647F722BB82}.AppStore|Any CPU.Build.0 = Release|Any CPU
		{9C98ABE9-B8AC-4A9A-B65D-F647F722BB82}.AppStore|Any CPU.Deploy.0 = Release|Any CPU
		{9C98ABE9-B8AC-4A9A-B65D-F647F722BB82}.AppStore|ARM.ActiveCfg = Release|ARM
		{9C98ABE9-B8AC-4A9A-B65D-F647F722BB82}.AppStore|ARM.Build.0 = Release|ARM
		{9C98ABE9-B8AC-4A9A-B65D-F647F722BB82}.AppStore|ARM.Deploy.0 = Release|ARM
		{9C98ABE9-B8AC-4A9A-B65D-F647F722BB82}.AppStore|iPhone.ActiveCfg = Release|Any CPU
		{9C98ABE9-B8AC-4A9A-B65D-F647F722BB82}.AppStore|iPhone.Build.0 = Release|Any CPU
		{9C98ABE9-B8AC-4A9A-B65D-F647F722BB82}.AppStore|iPhone.Deploy.0 = Release|Any CPU
		{9C98ABE9-B8AC-4A9A-B65D-F647F722BB82}.AppStore|iPhoneSimulator.ActiveCfg = Release|Any CPU
		{9C98ABE9-B8AC-4A9A-B65D-F647F722BB82}.AppStore|iPhoneSimulator.Build.0 = Release|Any CPU
		{9C98ABE9-B8AC-4A9A-B65D-F647F722BB82}.AppStore|iPhoneSimulator.Deploy.0 = Release|Any CPU
		{9C98ABE9-B8AC-4A9A-B65D-F647F722BB82}.AppStore|x64.ActiveCfg = Release|x64
		{9C98ABE9-B8AC-4A9A-B65D-F647F722BB82}.AppStore|x64.Build.0 = Release|x64
		{9C98ABE9-B8AC-4A9A-B65D-F647F722BB82}.AppStore|x64.Deploy.0 = Release|x64
		{9C98ABE9-B8AC-4A9A-B65D-F647F722BB82}.AppStore|x86.ActiveCfg = Release|x86
		{9C98ABE9-B8AC-4A9A-B65D-F647F722BB82}.AppStore|x86.Build.0 = Release|x86
		{9C98ABE9-B8AC-4A9A-B65D-F647F722BB82}.AppStore|x86.Deploy.0 = Release|x86
		{9C98ABE9-B8AC-4A9A-B65D-F647F722BB82}.Debug|Any CPU.ActiveCfg = Debug|Any CPU
		{9C98ABE9-B8AC-4A9A-B65D-F647F722BB82}.Debug|Any CPU.Build.0 = Debug|Any CPU
		{9C98ABE9-B8AC-4A9A-B65D-F647F722BB82}.Debug|Any CPU.Deploy.0 = Debug|Any CPU
		{9C98ABE9-B8AC-4A9A-B65D-F647F722BB82}.Debug|ARM.ActiveCfg = Debug|ARM
		{9C98ABE9-B8AC-4A9A-B65D-F647F722BB82}.Debug|ARM.Build.0 = Debug|ARM
		{9C98ABE9-B8AC-4A9A-B65D-F647F722BB82}.Debug|ARM.Deploy.0 = Debug|ARM
		{9C98ABE9-B8AC-4A9A-B65D-F647F722BB82}.Debug|iPhone.ActiveCfg = Debug|Any CPU
		{9C98ABE9-B8AC-4A9A-B65D-F647F722BB82}.Debug|iPhone.Build.0 = Debug|Any CPU
		{9C98ABE9-B8AC-4A9A-B65D-F647F722BB82}.Debug|iPhone.Deploy.0 = Debug|Any CPU
		{9C98ABE9-B8AC-4A9A-B65D-F647F722BB82}.Debug|iPhoneSimulator.ActiveCfg = Debug|Any CPU
		{9C98ABE9-B8AC-4A9A-B65D-F647F722BB82}.Debug|iPhoneSimulator.Build.0 = Debug|Any CPU
		{9C98ABE9-B8AC-4A9A-B65D-F647F722BB82}.Debug|iPhoneSimulator.Deploy.0 = Debug|Any CPU
		{9C98ABE9-B8AC-4A9A-B65D-F647F722BB82}.Debug|x64.ActiveCfg = Debug|x64
		{9C98ABE9-B8AC-4A9A-B65D-F647F722BB82}.Debug|x64.Build.0 = Debug|x64
		{9C98ABE9-B8AC-4A9A-B65D-F647F722BB82}.Debug|x64.Deploy.0 = Debug|x64
		{9C98ABE9-B8AC-4A9A-B65D-F647F722BB82}.Debug|x86.ActiveCfg = Debug|x86
		{9C98ABE9-B8AC-4A9A-B65D-F647F722BB82}.Debug|x86.Build.0 = Debug|x86
		{9C98ABE9-B8AC-4A9A-B65D-F647F722BB82}.Debug|x86.Deploy.0 = Debug|x86
		{9C98ABE9-B8AC-4A9A-B65D-F647F722BB82}.Release|Any CPU.ActiveCfg = Release|Any CPU
		{9C98ABE9-B8AC-4A9A-B65D-F647F722BB82}.Release|Any CPU.Build.0 = Release|Any CPU
		{9C98ABE9-B8AC-4A9A-B65D-F647F722BB82}.Release|Any CPU.Deploy.0 = Release|Any CPU
		{9C98ABE9-B8AC-4A9A-B65D-F647F722BB82}.Release|ARM.ActiveCfg = Release|ARM
		{9C98ABE9-B8AC-4A9A-B65D-F647F722BB82}.Release|ARM.Build.0 = Release|ARM
		{9C98ABE9-B8AC-4A9A-B65D-F647F722BB82}.Release|ARM.Deploy.0 = Release|ARM
		{9C98ABE9-B8AC-4A9A-B65D-F647F722BB82}.Release|iPhone.ActiveCfg = Release|Any CPU
		{9C98ABE9-B8AC-4A9A-B65D-F647F722BB82}.Release|iPhone.Build.0 = Release|Any CPU
		{9C98ABE9-B8AC-4A9A-B65D-F647F722BB82}.Release|iPhone.Deploy.0 = Release|Any CPU
		{9C98ABE9-B8AC-4A9A-B65D-F647F722BB82}.Release|iPhoneSimulator.ActiveCfg = Release|Any CPU
		{9C98ABE9-B8AC-4A9A-B65D-F647F722BB82}.Release|iPhoneSimulator.Build.0 = Release|Any CPU
		{9C98ABE9-B8AC-4A9A-B65D-F647F722BB82}.Release|iPhoneSimulator.Deploy.0 = Release|Any CPU
		{9C98ABE9-B8AC-4A9A-B65D-F647F722BB82}.Release|x64.ActiveCfg = Release|x64
		{9C98ABE9-B8AC-4A9A-B65D-F647F722BB82}.Release|x64.Build.0 = Release|x64
		{9C98ABE9-B8AC-4A9A-B65D-F647F722BB82}.Release|x64.Deploy.0 = Release|x64
		{9C98ABE9-B8AC-4A9A-B65D-F647F722BB82}.Release|x86.ActiveCfg = Release|x86
		{9C98ABE9-B8AC-4A9A-B65D-F647F722BB82}.Release|x86.Build.0 = Release|x86
		{9C98ABE9-B8AC-4A9A-B65D-F647F722BB82}.Release|x86.Deploy.0 = Release|x86
	EndGlobalSection
	GlobalSection(SolutionProperties) = preSolution
		HideSolutionNode = FALSE
	EndGlobalSection
EndGlobal
